
Microsoft Visual Studio Solution File, Format Version 12.00
# Visual Studio Version 17
VisualStudioVersion = 17.5.33424.131
MinimumVisualStudioVersion = 10.0.40219.1
Project("{FAE04EC0-301F-11D3-BF4B-00C04F79EFBC}") = "SeleniteSeaSharp Editor", "SeleniteSeaSharp\SeleniteSeaSharp Editor.csproj", "{9C89BA97-C00D-4192-AFEB-0F08D4B963B5}"
EndProject
Project("{FAE04EC0-301F-11D3-BF4B-00C04F79EFBC}") = "SeleniteSeaScriptExecutor", "SeleniteSeaScriptExecutor\SeleniteSeaScriptExecutor.csproj", "{4CA4EFDB-4273-4912-B4EC-44739B495F56}"
EndProject
Project("{FAE04EC0-301F-11D3-BF4B-00C04F79EFBC}") = "SeleniteSeaScript", "SeleniteSeaScript\SeleniteSeaScript.csproj", "{0BC9B0F7-E9E6-404E-B05B-62DEC49A17B9}"
EndProject
Global
	GlobalSection(SolutionConfigurationPlatforms) = preSolution
		Debug|Any CPU = Debug|Any CPU
		Release|Any CPU = Release|Any CPU
	EndGlobalSection
	GlobalSection(ProjectConfigurationPlatforms) = postSolution
		{9C89BA97-C00D-4192-AFEB-0F08D4B963B5}.Debug|Any CPU.ActiveCfg = Debug|Any CPU
		{9C89BA97-C00D-4192-AFEB-0F08D4B963B5}.Debug|Any CPU.Build.0 = Debug|Any CPU
		{9C89BA97-C00D-4192-AFEB-0F08D4B963B5}.Release|Any CPU.ActiveCfg = Release|Any CPU
		{9C89BA97-C00D-4192-AFEB-0F08D4B963B5}.Release|Any CPU.Build.0 = Release|Any CPU
		{4CA4EFDB-4273-4912-B4EC-44739B495F56}.Debug|Any CPU.ActiveCfg = Debug|Any CPU
		{4CA4EFDB-4273-4912-B4EC-44739B495F56}.Debug|Any CPU.Build.0 = Debug|Any CPU
		{4CA4EFDB-4273-4912-B4EC-44739B495F56}.Release|Any CPU.ActiveCfg = Release|Any CPU
		{4CA4EFDB-4273-4912-B4EC-44739B495F56}.Release|Any CPU.Build.0 = Release|Any CPU
		{0BC9B0F7-E9E6-404E-B05B-62DEC49A17B9}.Debug|Any CPU.ActiveCfg = Debug|Any CPU
		{0BC9B0F7-E9E6-404E-B05B-62DEC49A17B9}.Debug|Any CPU.Build.0 = Debug|Any CPU
		{0BC9B0F7-E9E6-404E-B05B-62DEC49A17B9}.Release|Any CPU.ActiveCfg = Release|Any CPU
		{0BC9B0F7-E9E6-404E-B05B-62DEC49A17B9}.Release|Any CPU.Build.0 = Release|Any CPU
	EndGlobalSection
	GlobalSection(SolutionProperties) = preSolution
		HideSolutionNode = FALSE
	EndGlobalSection
	GlobalSection(ExtensibilityGlobals) = postSolution
		SolutionGuid = {7E4647A5-2CCF-443D-A48F-920724F39F1E}
	EndGlobalSection
EndGlobal
